
Microsoft Visual Studio Solution File, Format Version 12.00
# Visual Studio Version 16
VisualStudioVersion = 16.0.34407.143
MinimumVisualStudioVersion = 10.0.40219.1
Project("{FAE04EC0-301F-11D3-BF4B-00C04F79EFBC}") = "Task Order Managment System", "WindowsFormsApp1\Task Order Managment System.csproj", "{A9BA1E68-7711-4AC4-87F7-8C0A5761E240}"
EndProject
Global
	GlobalSection(SolutionConfigurationPlatforms) = preSolution
		Debug|Any CPU = Debug|Any CPU
		Release|Any CPU = Release|Any CPU
	EndGlobalSection
	GlobalSection(ProjectConfigurationPlatforms) = postSolution
		{A9BA1E68-7711-4AC4-87F7-8C0A5761E240}.Debug|Any CPU.ActiveCfg = Debug|Any CPU
		{A9BA1E68-7711-4AC4-87F7-8C0A5761E240}.Debug|Any CPU.Build.0 = Debug|Any CPU
		{A9BA1E68-7711-4AC4-87F7-8C0A5761E240}.Release|Any CPU.ActiveCfg = Release|Any CPU
		{A9BA1E68-7711-4AC4-87F7-8C0A5761E240}.Release|Any CPU.Build.0 = Release|Any CPU
	EndGlobalSection
	GlobalSection(SolutionProperties) = preSolution
		HideSolutionNode = FALSE
	EndGlobalSection
	GlobalSection(ExtensibilityGlobals) = postSolution
		SolutionGuid = {A3CE3E78-71ED-4DEB-8A4D-BE2AEB871B52}
	EndGlobalSection
EndGlobal
